{
  "name": "@gridworkjs/query",
  "version": "1.1.1",
  "lockfileVersion": 3,
  "requires": true,
  "packages": {
    "": {
      "name": "@gridworkjs/query",
      "version": "1.1.1",
      "license": "MIT",
      "dependencies": {
        "@gridworkjs/core": "^1.1.1"
      },
      "devDependencies": {
        "@gridworkjs/quadtree": "^1.1.2",
        "typescript": "^5.9.3"
      }
    },
    "node_modules/@gridworkjs/core": {
      "version": "1.1.1",
      "resolved": "https://registry.npmjs.org/@gridworkjs/core/-/core-1.1.1.tgz",
      "integrity": "sha512-eriZAtCG8AwKp3JB6SMnLoWKm6iUyL5QmN8cKPR6EKrhl2oUlHzeZ4YcbmSVrqT8uIQWf1rnlvDL61kE9SMVGQ==",
      "license": "MIT"
    },
    "node_modules/@gridworkjs/quadtree": {
      "version": "1.1.2",
      "resolved": "https://registry.npmjs.org/@gridworkjs/quadtree/-/quadtree-1.1.2.tgz",
      "integrity": "sha512-ldU8vxZxdB6tt6G5yMcN2LW8Badcso/01IpUhoKYkZ/vRgn03Bn7v7RdjU6owPhrKb5zZnIjGnM1au68IEtRhw==",
      "dev": true,
      "license": "MIT",
      "dependencies": {
        "@gridworkjs/core": "^1.0.0"
      }
    },
    "node_modules/typescript": {
      "version": "5.9.3",
      "resolved": "https://registry.npmjs.org/typescript/-/typescript-5.9.3.tgz",
      "integrity": "sha512-jl1vZzPDinLr9eUt3J/t7V6FgNEw9QjvBPdysz9KfQDD41fQrC2Y4vKQdiaUpFT4bXlb1RHhLpp8wtm6M5TgSw==",
      "dev": true,
      "license": "Apache-2.0",
      "bin": {
        "tsc": "bin/tsc",
        "tsserver": "bin/tsserver"
      },
      "engines": {
        "node": ">=14.17"
      }
    }
  }
}
